
Microsoft Visual Studio Solution File, Format Version 12.00
# Visual Studio Version 16
VisualStudioVersion = 16.0.30104.148
MinimumVisualStudioVersion = 10.0.40219.1
Project("{FAE04EC0-301F-11D3-BF4B-00C04F79EFBC}") = "Tnet.Core", "Tnet.Core\Tnet.Core.csproj", "{936D1F46-DD1E-422C-AE59-A7501D5A9AB6}"
EndProject
Project("{FAE04EC0-301F-11D3-BF4B-00C04F79EFBC}") = "Tnet.Sac", "Tnet.Sac\Tnet.Sac.csproj", "{75C42A15-E550-4796-8F43-15DB4F879A14}"
EndProject
Project("{FAE04EC0-301F-11D3-BF4B-00C04F79EFBC}") = "Tnet.Supervisor", "Tnet.Supervisor\Tnet.Supervisor.csproj", "{7E4D5F99-66C8-408F-9A56-25D2670CB261}"
EndProject
Global
	GlobalSection(SolutionConfigurationPlatforms) = preSolution
		Debug|Any CPU = Debug|Any CPU
		Release|Any CPU = Release|Any CPU
	EndGlobalSection
	GlobalSection(ProjectConfigurationPlatforms) = postSolution
		{936D1F46-DD1E-422C-AE59-A7501D5A9AB6}.Debug|Any CPU.ActiveCfg = Debug|Any CPU
		{936D1F46-DD1E-422C-AE59-A7501D5A9AB6}.Debug|Any CPU.Build.0 = Debug|Any CPU
		{936D1F46-DD1E-422C-AE59-A7501D5A9AB6}.Release|Any CPU.ActiveCfg = Release|Any CPU
		{936D1F46-DD1E-422C-AE59-A7501D5A9AB6}.Release|Any CPU.Build.0 = Release|Any CPU
		{75C42A15-E550-4796-8F43-15DB4F879A14}.Debug|Any CPU.ActiveCfg = Debug|Any CPU
		{75C42A15-E550-4796-8F43-15DB4F879A14}.Debug|Any CPU.Build.0 = Debug|Any CPU
		{75C42A15-E550-4796-8F43-15DB4F879A14}.Release|Any CPU.ActiveCfg = Release|Any CPU
		{75C42A15-E550-4796-8F43-15DB4F879A14}.Release|Any CPU.Build.0 = Release|Any CPU
		{7E4D5F99-66C8-408F-9A56-25D2670CB261}.Debug|Any CPU.ActiveCfg = Debug|Any CPU
		{7E4D5F99-66C8-408F-9A56-25D2670CB261}.Debug|Any CPU.Build.0 = Debug|Any CPU
		{7E4D5F99-66C8-408F-9A56-25D2670CB261}.Release|Any CPU.ActiveCfg = Release|Any CPU
		{7E4D5F99-66C8-408F-9A56-25D2670CB261}.Release|Any CPU.Build.0 = Release|Any CPU
	EndGlobalSection
	GlobalSection(SolutionProperties) = preSolution
		HideSolutionNode = FALSE
	EndGlobalSection
	GlobalSection(ExtensibilityGlobals) = postSolution
		SolutionGuid = {784F65E9-5291-4806-85A0-2D313D2FF83B}
	EndGlobalSection
EndGlobal
